
Microsoft Visual Studio Solution File, Format Version 12.00
# Visual Studio 15
VisualStudioVersion = 15.0.28307.779
MinimumVisualStudioVersion = 10.0.40219.1
Project("{FAE04EC0-301F-11D3-BF4B-00C04F79EFBC}") = "App02_Xamarin.Android", "App02_Xamarin\App02_Xamarin.Android\App02_Xamarin.Android.csproj", "{2BD8D2D2-A477-4BDE-A7F0-D6C7EDD07AF4}"
EndProject
Project("{FAE04EC0-301F-11D3-BF4B-00C04F79EFBC}") = "App02_Xamarin.iOS", "App02_Xamarin\App02_Xamarin.iOS\App02_Xamarin.iOS.csproj", "{979A1383-0329-42FE-9D47-C30D9085B8AD}"
EndProject
Project("{FAE04EC0-301F-11D3-BF4B-00C04F79EFBC}") = "App02_Xamarin.UWP", "App02_Xamarin\App02_Xamarin.UWP\App02_Xamarin.UWP.csproj", "{76305B12-AE87-4F58-98C9-FCC5CB699D02}"
EndProject
Project("{FAE04EC0-301F-11D3-BF4B-00C04F79EFBC}") = "App02_Xamarin", "App02_Xamarin\App02_Xamarin\App02_Xamarin.csproj", "{31B07FAD-551D-4C84-AFB2-89C72DC72986}"
EndProject
Global
	GlobalSection(SolutionConfigurationPlatforms) = preSolution
		Ad-Hoc|Any CPU = Ad-Hoc|Any CPU
		Ad-Hoc|ARM = Ad-Hoc|ARM
		Ad-Hoc|iPhone = Ad-Hoc|iPhone
		Ad-Hoc|iPhoneSimulator = Ad-Hoc|iPhoneSimulator
		Ad-Hoc|x64 = Ad-Hoc|x64
		Ad-Hoc|x86 = Ad-Hoc|x86
		AppStore|Any CPU = AppStore|Any CPU
		AppStore|ARM = AppStore|ARM
		AppStore|iPhone = AppStore|iPhone
		AppStore|iPhoneSimulator = AppStore|iPhoneSimulator
		AppStore|x64 = AppStore|x64
		AppStore|x86 = AppStore|x86
		Debug|Any CPU = Debug|Any CPU
		Debug|ARM = Debug|ARM
		Debug|iPhone = Debug|iPhone
		Debug|iPhoneSimulator = Debug|iPhoneSimulator
		Debug|x64 = Debug|x64
		Debug|x86 = Debug|x86
		Release|Any CPU = Release|Any CPU
		Release|ARM = Release|ARM
		Release|iPhone = Release|iPhone
		Release|iPhoneSimulator = Release|iPhoneSimulator
		Release|x64 = Release|x64
		Release|x86 = Release|x86
	EndGlobalSection
	GlobalSection(ProjectConfigurationPlatforms) = postSolution
		{2BD8D2D2-A477-4BDE-A7F0-D6C7EDD07AF4}.Ad-Hoc|Any CPU.ActiveCfg = Release|Any CPU
		{2BD8D2D2-A477-4BDE-A7F0-D6C7EDD07AF4}.Ad-Hoc|Any CPU.Build.0 = Release|Any CPU
		{2BD8D2D2-A477-4BDE-A7F0-D6C7EDD07AF4}.Ad-Hoc|Any CPU.Deploy.0 = Release|Any CPU
		{2BD8D2D2-A477-4BDE-A7F0-D6C7EDD07AF4}.Ad-Hoc|ARM.ActiveCfg = Release|Any CPU
		{2BD8D2D2-A477-4BDE-A7F0-D6C7EDD07AF4}.Ad-Hoc|ARM.Build.0 = Release|Any CPU
		{2BD8D2D2-A477-4BDE-A7F0-D6C7EDD07AF4}.Ad-Hoc|ARM.Deploy.0 = Release|Any CPU
		{2BD8D2D2-A477-4BDE-A7F0-D6C7EDD07AF4}.Ad-Hoc|iPhone.ActiveCfg = Release|Any CPU
		{2BD8D2D2-A477-4BDE-A7F0-D6C7EDD07AF4}.Ad-Hoc|iPhone.Build.0 = Release|Any CPU
		{2BD8D2D2-A477-4BDE-A7F0-D6C7EDD07AF4}.Ad-Hoc|iPhone.Deploy.0 = Release|Any CPU
		{2BD8D2D2-A477-4BDE-A7F0-D6C7EDD07AF4}.Ad-Hoc|iPhoneSimulator.ActiveCfg = Release|Any CPU
		{2BD8D2D2-A477-4BDE-A7F0-D6C7EDD07AF4}.Ad-Hoc|iPhoneSimulator.Build.0 = Release|Any CPU
		{2BD8D2D2-A477-4BDE-A7F0-D6C7EDD07AF4}.Ad-Hoc|iPhoneSimulator.Deploy.0 = Release|Any CPU
		{2BD8D2D2-A477-4BDE-A7F0-D6C7EDD07AF4}.Ad-Hoc|x64.ActiveCfg = Release|Any CPU
		{2BD8D2D2-A477-4BDE-A7F0-D6C7EDD07AF4}.Ad-Hoc|x64.Build.0 = Release|Any CPU
		{2BD8D2D2-A477-4BDE-A7F0-D6C7EDD07AF4}.Ad-Hoc|x64.Deploy.0 = Release|Any CPU
		{2BD8D2D2-A477-4BDE-A7F0-D6C7EDD07AF4}.Ad-Hoc|x86.ActiveCfg = Release|Any CPU
		{2BD8D2D2-A477-4BDE-A7F0-D6C7EDD07AF4}.Ad-Hoc|x86.Build.0 = Release|Any CPU
		{2BD8D2D2-A477-4BDE-A7F0-D6C7EDD07AF4}.Ad-Hoc|x86.Deploy.0 = Release|Any CPU
		{2BD8D2D2-A477-4BDE-A7F0-D6C7EDD07AF4}.AppStore|Any CPU.ActiveCfg = Release|Any CPU
		{2BD8D2D2-A477-4BDE-A7F0-D6C7EDD07AF4}.AppStore|Any CPU.Build.0 = Release|Any CPU
		{2BD8D2D2-A477-4BDE-A7F0-D6C7EDD07AF4}.AppStore|Any CPU.Deploy.0 = Release|Any CPU
		{2BD8D2D2-A477-4BDE-A7F0-D6C7EDD07AF4}.AppStore|ARM.ActiveCfg = Release|Any CPU
		{2BD8D2D2-A477-4BDE-A7F0-D6C7EDD07AF4}.AppStore|ARM.Build.0 = Release|Any CPU
		{2BD8D2D2-A477-4BDE-A7F0-D6C7EDD07AF4}.AppStore|ARM.Deploy.0 = Release|Any CPU
		{2BD8D2D2-A477-4BDE-A7F0-D6C7EDD07AF4}.AppStore|iPhone.ActiveCfg = Release|Any CPU
		{2BD8D2D2-A477-4BDE-A7F0-D6C7EDD07AF4}.AppStore|iPhone.Build.0 = Release|Any CPU
		{2BD8D2D2-A477-4BDE-A7F0-D6C7EDD07AF4}.AppStore|iPhone.Deploy.0 = Release|Any CPU
		{2BD8D2D2-A477-4BDE-A7F0-D6C7EDD07AF4}.AppStore|iPhoneSimulator.ActiveCfg = Release|Any CPU
		{2BD8D2D2-A477-4BDE-A7F0-D6C7EDD07AF4}.AppStore|iPhoneSimulator.Build.0 = Release|Any CPU
		{2BD8D2D2-A477-4BDE-A7F0-D6C7EDD07AF4}.AppStore|iPhoneSimulator.Deploy.0 = Release|Any CPU
		{2BD8D2D2-A477-4BDE-A7F0-D6C7EDD07AF4}.AppStore|x64.ActiveCfg = Release|Any CPU
		{2BD8D2D2-A477-4BDE-A7F0-D6C7EDD07AF4}.AppStore|x64.Build.0 = Release|Any CPU
		{2BD8D2D2-A477-4BDE-A7F0-D6C7EDD07AF4}.AppStore|x64.Deploy.0 = Release|Any CPU
		{2BD8D2D2-A477-4BDE-A7F0-D6C7EDD07AF4}.AppStore|x86.ActiveCfg = Release|Any CPU
		{2BD8D2D2-A477-4BDE-A7F0-D6C7EDD07AF4}.AppStore|x86.Build.0 = Release|Any CPU
		{2BD8D2D2-A477-4BDE-A7F0-D6C7EDD07AF4}.AppStore|x86.Deploy.0 = Release|Any CPU
		{2BD8D2D2-A477-4BDE-A7F0-D6C7EDD07AF4}.Debug|Any CPU.ActiveCfg = Debug|Any CPU
		{2BD8D2D2-A477-4BDE-A7F0-D6C7EDD07AF4}.Debug|Any CPU.Build.0 = Debug|Any CPU
		{2BD8D2D2-A477-4BDE-A7F0-D6C7EDD07AF4}.Debug|Any CPU.Deploy.0 = Debug|Any CPU
		{2BD8D2D2-A477-4BDE-A7F0-D6C7EDD07AF4}.Debug|ARM.ActiveCfg = Debug|Any CPU
		{2BD8D2D2-A477-4BDE-A7F0-D6C7EDD07AF4}.Debug|ARM.Build.0 = Debug|Any CPU
		{2BD8D2D2-A477-4BDE-A7F0-D6C7EDD07AF4}.Debug|ARM.Deploy.0 = Debug|Any CPU
		{2BD8D2D2-A477-4BDE-A7F0-D6C7EDD07AF4}.Debug|iPhone.ActiveCfg = Debug|Any CPU
		{2BD8D2D2-A477-4BDE-A7F0-D6C7EDD07AF4}.Debug|iPhone.Build.0 = Debug|Any CPU
		{2BD8D2D2-A477-4BDE-A7F0-D6C7EDD07AF4}.Debug|iPhone.Deploy.0 = Debug|Any CPU
		{2BD8D2D2-A477-4BDE-A7F0-D6C7EDD07AF4}.Debug|iPhoneSimulator.ActiveCfg = Debug|Any CPU
		{2BD8D2D2-A477-4BDE-A7F0-D6C7EDD07AF4}.Debug|iPhoneSimulator.Build.0 = Debug|Any CPU
		{2BD8D2D2-A477-4BDE-A7F0-D6C7EDD07AF4}.Debug|iPhoneSimulator.Deploy.0 = Debug|Any CPU
		{2BD8D2D2-A477-4BDE-A7F0-D6C7EDD07AF4}.Debug|x64.ActiveCfg = Debug|Any CPU
		{2BD8D2D2-A477-4BDE-A7F0-D6C7EDD07AF4}.Debug|x64.Build.0 = Debug|Any CPU
		{2BD8D2D2-A477-4BDE-A7F0-D6C7EDD07AF4}.Debug|x64.Deploy.0 = Debug|Any CPU
		{2BD8D2D2-A477-4BDE-A7F0-D6C7EDD07AF4}.Debug|x86.ActiveCfg = Debug|Any CPU
		{2BD8D2D2-A477-4BDE-A7F0-D6C7EDD07AF4}.Debug|x86.Build.0 = Debug|Any CPU
		{2BD8D2D2-A477-4BDE-A7F0-D6C7EDD07AF4}.Debug|x86.Deploy.0 = Debug|Any CPU
		{2BD8D2D2-A477-4BDE-A7F0-D6C7EDD07AF4}.Release|Any CPU.ActiveCfg = Release|Any CPU
		{2BD8D2D2-A477-4BDE-A7F0-D6C7EDD07AF4}.Release|Any CPU.Build.0 = Release|Any CPU
		{2BD8D2D2-A477-4BDE-A7F0-D6C7EDD07AF4}.Release|Any CPU.Deploy.0 = Release|Any CPU
		{2BD8D2D2-A477-4BDE-A7F0-D6C7EDD07AF4}.Release|ARM.ActiveCfg = Release|Any CPU
		{2BD8D2D2-A477-4BDE-A7F0-D6C7EDD07AF4}.Release|ARM.Build.0 = Release|Any CPU
		{2BD8D2D2-A477-4BDE-A7F0-D6C7EDD07AF4}.Release|ARM.Deploy.0 = Release|Any CPU
		{2BD8D2D2-A477-4BDE-A7F0-D6C7EDD07AF4}.Release|iPhone.ActiveCfg = Release|Any CPU
		{2BD8D2D2-A477-4BDE-A7F0-D6C7EDD07AF4}.Release|iPhone.Build.0 = Release|Any CPU
		{2BD8D2D2-A477-4BDE-A7F0-D6C7EDD07AF4}.Release|iPhone.Deploy.0 = Release|Any CPU
		{2BD8D2D2-A477-4BDE-A7F0-D6C7EDD07AF4}.Release|iPhoneSimulator.ActiveCfg = Release|Any CPU
		{2BD8D2D2-A477-4BDE-A7F0-D6C7EDD07AF4}.Release|iPhoneSimulator.Build.0 = Release|Any CPU
		{2BD8D2D2-A477-4BDE-A7F0-D6C7EDD07AF4}.Release|iPhoneSimulator.Deploy.0 = Release|Any CPU
		{2BD8D2D2-A477-4BDE-A7F0-D6C7EDD07AF4}.Release|x64.ActiveCfg = Release|Any CPU
		{2BD8D2D2-A477-4BDE-A7F0-D6C7EDD07AF4}.Release|x64.Build.0 = Release|Any CPU
		{2BD8D2D2-A477-4BDE-A7F0-D6C7EDD07AF4}.Release|x64.Deploy.0 = Release|Any CPU
		{2BD8D2D2-A477-4BDE-A7F0-D6C7EDD07AF4}.Release|x86.ActiveCfg = Release|Any CPU
		{2BD8D2D2-A477-4BDE-A7F0-D6C7EDD07AF4}.Release|x86.Build.0 = Release|Any CPU
		{2BD8D2D2-A477-4BDE-A7F0-D6C7EDD07AF4}.Release|x86.Deploy.0 = Release|Any CPU
		{979A1383-0329-42FE-9D47-C30D9085B8AD}.Ad-Hoc|Any CPU.ActiveCfg = Ad-Hoc|iPhone
		{979A1383-0329-42FE-9D47-C30D9085B8AD}.Ad-Hoc|Any CPU.Build.0 = Ad-Hoc|iPhone
		{979A1383-0329-42FE-9D47-C30D9085B8AD}.Ad-Hoc|Any CPU.Deploy.0 = Ad-Hoc|iPhone
		{979A1383-0329-42FE-9D47-C30D9085B8AD}.Ad-Hoc|ARM.ActiveCfg = Ad-Hoc|iPhone
		{979A1383-0329-42FE-9D47-C30D9085B8AD}.Ad-Hoc|ARM.Build.0 = Ad-Hoc|iPhone
		{979A1383-0329-42FE-9D47-C30D9085B8AD}.Ad-Hoc|ARM.Deploy.0 = Ad-Hoc|iPhone
		{979A1383-0329-42FE-9D47-C30D9085B8AD}.Ad-Hoc|iPhone.ActiveCfg = Ad-Hoc|iPhone
		{979A1383-0329-42FE-9D47-C30D9085B8AD}.Ad-Hoc|iPhone.Build.0 = Ad-Hoc|iPhone
		{979A1383-0329-42FE-9D47-C30D9085B8AD}.Ad-Hoc|iPhone.Deploy.0 = Ad-Hoc|iPhone
		{979A1383-0329-42FE-9D47-C30D9085B8AD}.Ad-Hoc|iPhoneSimulator.ActiveCfg = Ad-Hoc|iPhoneSimulator
		{979A1383-0329-42FE-9D47-C30D9085B8AD}.Ad-Hoc|iPhoneSimulator.Build.0 = Ad-Hoc|iPhoneSimulator
		{979A1383-0329-42FE-9D47-C30D9085B8AD}.Ad-Hoc|iPhoneSimulator.Deploy.0 = Ad-Hoc|iPhoneSimulator
		{979A1383-0329-42FE-9D47-C30D9085B8AD}.Ad-Hoc|x64.ActiveCfg = Ad-Hoc|iPhone
		{979A1383-0329-42FE-9D47-C30D9085B8AD}.Ad-Hoc|x64.Build.0 = Ad-Hoc|iPhone
		{979A1383-0329-42FE-9D47-C30D9085B8AD}.Ad-Hoc|x64.Deploy.0 = Ad-Hoc|iPhone
		{979A1383-0329-42FE-9D47-C30D9085B8AD}.Ad-Hoc|x86.ActiveCfg = Ad-Hoc|iPhone
		{979A1383-0329-42FE-9D47-C30D9085B8AD}.Ad-Hoc|x86.Build.0 = Ad-Hoc|iPhone
		{979A1383-0329-42FE-9D47-C30D9085B8AD}.Ad-Hoc|x86.Deploy.0 = Ad-Hoc|iPhone
		{979A1383-0329-42FE-9D47-C30D9085B8AD}.AppStore|Any CPU.ActiveCfg = AppStore|iPhone
		{979A1383-0329-42FE-9D47-C30D9085B8AD}.AppStore|Any CPU.Build.0 = AppStore|iPhone
		{979A1383-0329-42FE-9D47-C30D9085B8AD}.AppStore|Any CPU.Deploy.0 = AppStore|iPhone
		{979A1383-0329-42FE-9D47-C30D9085B8AD}.AppStore|ARM.ActiveCfg = AppStore|iPhone
		{979A1383-0329-42FE-9D47-C30D9085B8AD}.AppStore|ARM.Build.0 = AppStore|iPhone
		{979A1383-0329-42FE-9D47-C30D9085B8AD}.AppStore|ARM.Deploy.0 = AppStore|iPhone
		{979A1383-0329-42FE-9D47-C30D9085B8AD}.AppStore|iPhone.ActiveCfg = AppStore|iPhone
		{979A1383-0329-42FE-9D47-C30D9085B8AD}.AppStore|iPhone.Build.0 = AppStore|iPhone
		{979A1383-0329-42FE-9D47-C30D9085B8AD}.AppStore|iPhone.Deploy.0 = AppStore|iPhone
		{979A1383-0329-42FE-9D47-C30D9085B8AD}.AppStore|iPhoneSimulator.ActiveCfg = AppStore|iPhoneSimulator
		{979A1383-0329-42FE-9D47-C30D9085B8AD}.AppStore|iPhoneSimulator.Build.0 = AppStore|iPhoneSimulator
		{979A1383-0329-42FE-9D47-C30D9085B8AD}.AppStore|iPhoneSimulator.Deploy.0 = AppStore|iPhoneSimulator
		{979A1383-0329-42FE-9D47-C30D9085B8AD}.AppStore|x64.ActiveCfg = AppStore|iPhone
		{979A1383-0329-42FE-9D47-C30D9085B8AD}.AppStore|x64.Build.0 = AppStore|iPhone
		{979A1383-0329-42FE-9D47-C30D9085B8AD}.AppStore|x64.Deploy.0 = AppStore|iPhone
		{979A1383-0329-42FE-9D47-C30D9085B8AD}.AppStore|x86.ActiveCfg = AppStore|iPhone
		{979A1383-0329-42FE-9D47-C30D9085B8AD}.AppStore|x86.Build.0 = AppStore|iPhone
		{979A1383-0329-42FE-9D47-C30D9085B8AD}.AppStore|x86.Deploy.0 = AppStore|iPhone
		{979A1383-0329-42FE-9D47-C30D9085B8AD}.Debug|Any CPU.ActiveCfg = Debug|iPhoneSimulator
		{979A1383-0329-42FE-9D47-C30D9085B8AD}.Debug|Any CPU.Build.0 = Debug|iPhoneSimulator
		{979A1383-0329-42FE-9D47-C30D9085B8AD}.Debug|Any CPU.Deploy.0 = Debug|iPhoneSimulator
		{979A1383-0329-42FE-9D47-C30D9085B8AD}.Debug|ARM.ActiveCfg = Debug|iPhone
		{979A1383-0329-42FE-9D47-C30D9085B8AD}.Debug|ARM.Build.0 = Debug|iPhone
		{979A1383-0329-42FE-9D47-C30D9085B8AD}.Debug|ARM.Deploy.0 = Debug|iPhone
		{979A1383-0329-42FE-9D47-C30D9085B8AD}.Debug|iPhone.ActiveCfg = Debug|iPhone
		{979A1383-0329-42FE-9D47-C30D9085B8AD}.Debug|iPhone.Build.0 = Debug|iPhone
		{979A1383-0329-42FE-9D47-C30D9085B8AD}.Debug|iPhone.Deploy.0 = Debug|iPhone
		{979A1383-0329-42FE-9D47-C30D9085B8AD}.Debug|iPhoneSimulator.ActiveCfg = Debug|iPhoneSimulator
		{979A1383-0329-42FE-9D47-C30D9085B8AD}.Debug|iPhoneSimulator.Build.0 = Debug|iPhoneSimulator
		{979A1383-0329-42FE-9D47-C30D9085B8AD}.Debug|iPhoneSimulator.Deploy.0 = Debug|iPhoneSimulator
		{979A1383-0329-42FE-9D47-C30D9085B8AD}.Debug|x64.ActiveCfg = Debug|iPhone
		{979A1383-0329-42FE-9D47-C30D9085B8AD}.Debug|x64.Build.0 = Debug|iPhone
		{979A1383-0329-42FE-9D47-C30D9085B8AD}.Debug|x64.Deploy.0 = Debug|iPhone
		{979A1383-0329-42FE-9D47-C30D9085B8AD}.Debug|x86.ActiveCfg = Debug|iPhone
		{979A1383-0329-42FE-9D47-C30D9085B8AD}.Debug|x86.Build.0 = Debug|iPhone
		{979A1383-0329-42FE-9D47-C30D9085B8AD}.Debug|x86.Deploy.0 = Debug|iPhone
		{979A1383-0329-42FE-9D47-C30D9085B8AD}.Release|Any CPU.ActiveCfg = Release|iPhone
		{979A1383-0329-42FE-9D47-C30D9085B8AD}.Release|Any CPU.Build.0 = Release|iPhone
		{979A1383-0329-42FE-9D47-C30D9085B8AD}.Release|Any CPU.Deploy.0 = Release|iPhone
		{979A1383-0329-42FE-9D47-C30D9085B8AD}.Release|ARM.ActiveCfg = Release|iPhone
		{979A1383-0329-42FE-9D47-C30D9085B8AD}.Release|ARM.Build.0 = Release|iPhone
		{979A1383-0329-42FE-9D47-C30D9085B8AD}.Release|ARM.Deploy.0 = Release|iPhone
		{979A1383-0329-42FE-9D47-C30D9085B8AD}.Release|iPhone.ActiveCfg = Release|iPhone
		{979A1383-0329-42FE-9D47-C30D9085B8AD}.Release|iPhone.Build.0 = Release|iPhone
		{979A1383-0329-42FE-9D47-C30D9085B8AD}.Release|iPhone.Deploy.0 = Release|iPhone
		{979A1383-0329-42FE-9D47-C30D9085B8AD}.Release|iPhoneSimulator.ActiveCfg = Release|iPhoneSimulator
		{979A1383-0329-42FE-9D47-C30D9085B8AD}.Release|iPhoneSimulator.Build.0 = Release|iPhoneSimulator
		{979A1383-0329-42FE-9D47-C30D9085B8AD}.Release|iPhoneSimulator.Deploy.0 = Release|iPhoneSimulator
		{979A1383-0329-42FE-9D47-C30D9085B8AD}.Release|x64.ActiveCfg = Release|iPhone
		{979A1383-0329-42FE-9D47-C30D9085B8AD}.Release|x64.Build.0 = Release|iPhone
		{979A1383-0329-42FE-9D47-C30D9085B8AD}.Release|x64.Deploy.0 = Release|iPhone
		{979A1383-0329-42FE-9D47-C30D9085B8AD}.Release|x86.ActiveCfg = Release|iPhone
		{979A1383-0329-42FE-9D47-C30D9085B8AD}.Release|x86.Build.0 = Release|iPhone
		{979A1383-0329-42FE-9D47-C30D9085B8AD}.Release|x86.Deploy.0 = Release|iPhone
		{76305B12-AE87-4F58-98C9-FCC5CB699D02}.Ad-Hoc|Any CPU.ActiveCfg = Release|x86
		{76305B12-AE87-4F58-98C9-FCC5CB699D02}.Ad-Hoc|Any CPU.Build.0 = Release|x86
		{76305B12-AE87-4F58-98C9-FCC5CB699D02}.Ad-Hoc|Any CPU.Deploy.0 = Release|x86
		{76305B12-AE87-4F58-98C9-FCC5CB699D02}.Ad-Hoc|ARM.ActiveCfg = Release|ARM
		{76305B12-AE87-4F58-98C9-FCC5CB699D02}.Ad-Hoc|ARM.Build.0 = Release|ARM
		{76305B12-AE87-4F58-98C9-FCC5CB699D02}.Ad-Hoc|ARM.Deploy.0 = Release|ARM
		{76305B12-AE87-4F58-98C9-FCC5CB699D02}.Ad-Hoc|iPhone.ActiveCfg = Release|x86
		{76305B12-AE87-4F58-98C9-FCC5CB699D02}.Ad-Hoc|iPhone.Build.0 = Release|x86
		{76305B12-AE87-4F58-98C9-FCC5CB699D02}.Ad-Hoc|iPhone.Deploy.0 = Release|x86
		{76305B12-AE87-4F58-98C9-FCC5CB699D02}.Ad-Hoc|iPhoneSimulator.ActiveCfg = Release|x86
		{76305B12-AE87-4F58-98C9-FCC5CB699D02}.Ad-Hoc|iPhoneSimulator.Build.0 = Release|x86
		{76305B12-AE87-4F58-98C9-FCC5CB699D02}.Ad-Hoc|iPhoneSimulator.Deploy.0 = Release|x86
		{76305B12-AE87-4F58-98C9-FCC5CB699D02}.Ad-Hoc|x64.ActiveCfg = Release|x64
		{76305B12-AE87-4F58-98C9-FCC5CB699D02}.Ad-Hoc|x64.Build.0 = Release|x64
		{76305B12-AE87-4F58-98C9-FCC5CB699D02}.Ad-Hoc|x64.Deploy.0 = Release|x64
		{76305B12-AE87-4F58-98C9-FCC5CB699D02}.Ad-Hoc|x86.ActiveCfg = Release|x86
		{76305B12-AE87-4F58-98C9-FCC5CB699D02}.Ad-Hoc|x86.Build.0 = Release|x86
		{76305B12-AE87-4F58-98C9-FCC5CB699D02}.Ad-Hoc|x86.Deploy.0 = Release|x86
		{76305B12-AE87-4F58-98C9-FCC5CB699D02}.AppStore|Any CPU.ActiveCfg = Release|x86
		{76305B12-AE87-4F58-98C9-FCC5CB699D02}.AppStore|Any CPU.Build.0 = Release|x86
		{76305B12-AE87-4F58-98C9-FCC5CB699D02}.AppStore|Any CPU.Deploy.0 = Release|x86
		{76305B12-AE87-4F58-98C9-FCC5CB699D02}.AppStore|ARM.ActiveCfg = Release|ARM
		{76305B12-AE87-4F58-98C9-FCC5CB699D02}.AppStore|ARM.Build.0 = Release|ARM
		{76305B12-AE87-4F58-98C9-FCC5CB699D02}.AppStore|ARM.Deploy.0 = Release|ARM
		{76305B12-AE87-4F58-98C9-FCC5CB699D02}.AppStore|iPhone.ActiveCfg = Release|x86
		{76305B12-AE87-4F58-98C9-FCC5CB699D02}.AppStore|iPhone.Build.0 = Release|x86
		{76305B12-AE87-4F58-98C9-FCC5CB699D02}.AppStore|iPhone.Deploy.0 = Release|x86
		{76305B12-AE87-4F58-98C9-FCC5CB699D02}.AppStore|iPhoneSimulator.ActiveCfg = Release|x86
		{76305B12-AE87-4F58-98C9-FCC5CB699D02}.AppStore|iPhoneSimulator.Build.0 = Release|x86
		{76305B12-AE87-4F58-98C9-FCC5CB699D02}.AppStore|iPhoneSimulator.Deploy.0 = Release|x86
		{76305B12-AE87-4F58-98C9-FCC5CB699D02}.AppStore|x64.ActiveCfg = Release|x64
		{76305B12-AE87-4F58-98C9-FCC5CB699D02}.AppStore|x64.Build.0 = Release|x64
		{76305B12-AE87-4F58-98C9-FCC5CB699D02}.AppStore|x64.Deploy.0 = Release|x64
		{76305B12-AE87-4F58-98C9-FCC5CB699D02}.AppStore|x86.ActiveCfg = Release|x86
		{76305B12-AE87-4F58-98C9-FCC5CB699D02}.AppStore|x86.Build.0 = Release|x86
		{76305B12-AE87-4F58-98C9-FCC5CB699D02}.AppStore|x86.Deploy.0 = Release|x86
		{76305B12-AE87-4F58-98C9-FCC5CB699D02}.Debug|Any CPU.ActiveCfg = Debug|x86
		{76305B12-AE87-4F58-98C9-FCC5CB699D02}.Debug|Any CPU.Build.0 = Debug|x86
		{76305B12-AE87-4F58-98C9-FCC5CB699D02}.Debug|Any CPU.Deploy.0 = Debug|x86
		{76305B12-AE87-4F58-98C9-FCC5CB699D02}.Debug|ARM.ActiveCfg = Debug|ARM
		{76305B12-AE87-4F58-98C9-FCC5CB699D02}.Debug|ARM.Build.0 = Debug|ARM
		{76305B12-AE87-4F58-98C9-FCC5CB699D02}.Debug|ARM.Deploy.0 = Debug|ARM
		{76305B12-AE87-4F58-98C9-FCC5CB699D02}.Debug|iPhone.ActiveCfg = Debug|x86
		{76305B12-AE87-4F58-98C9-FCC5CB699D02}.Debug|iPhone.Build.0 = Debug|x86
		{76305B12-AE87-4F58-98C9-FCC5CB699D02}.Debug|iPhone.Deploy.0 = Debug|x86
		{76305B12-AE87-4F58-98C9-FCC5CB699D02}.Debug|iPhoneSimulator.ActiveCfg = Debug|x86
		{76305B12-AE87-4F58-98C9-FCC5CB699D02}.Debug|iPhoneSimulator.Build.0 = Debug|x86
		{76305B12-AE87-4F58-98C9-FCC5CB699D02}.Debug|iPhoneSimulator.Deploy.0 = Debug|x86
		{76305B12-AE87-4F58-98C9-FCC5CB699D02}.Debug|x64.ActiveCfg = Debug|x64
		{76305B12-AE87-4F58-98C9-FCC5CB699D02}.Debug|x64.Build.0 = Debug|x64
		{76305B12-AE87-4F58-98C9-FCC5CB699D02}.Debug|x64.Deploy.0 = Debug|x64
		{76305B12-AE87-4F58-98C9-FCC5CB699D02}.Debug|x86.ActiveCfg = Debug|x86
		{76305B12-AE87-4F58-98C9-FCC5CB699D02}.Debug|x86.Build.0 = Debug|x86
		{76305B12-AE87-4F58-98C9-FCC5CB699D02}.Debug|x86.Deploy.0 = Debug|x86
		{76305B12-AE87-4F58-98C9-FCC5CB699D02}.Release|Any CPU.ActiveCfg = Release|x86
		{76305B12-AE87-4F58-98C9-FCC5CB699D02}.Release|Any CPU.Build.0 = Release|x86
		{76305B12-AE87-4F58-98C9-FCC5CB699D02}.Release|Any CPU.Deploy.0 = Release|x86
		{76305B12-AE87-4F58-98C9-FCC5CB699D02}.Release|ARM.ActiveCfg = Release|ARM
		{76305B12-AE87-4F58-98C9-FCC5CB699D02}.Release|ARM.Build.0 = Release|ARM
		{76305B12-AE87-4F58-98C9-FCC5CB699D02}.Release|ARM.Deploy.0 = Release|ARM
		{76305B12-AE87-4F58-98C9-FCC5CB699D02}.Release|iPhone.ActiveCfg = Release|x86
		{76305B12-AE87-4F58-98C9-FCC5CB699D02}.Release|iPhone.Build.0 = Release|x86
		{76305B12-AE87-4F58-98C9-FCC5CB699D02}.Release|iPhone.Deploy.0 = Release|x86
		{76305B12-AE87-4F58-98C9-FCC5CB699D02}.Release|iPhoneSimulator.ActiveCfg = Release|x86
		{76305B12-AE87-4F58-98C9-FCC5CB699D02}.Release|iPhoneSimulator.Build.0 = Release|x86
		{76305B12-AE87-4F58-98C9-FCC5CB699D02}.Release|iPhoneSimulator.Deploy.0 = Release|x86
		{76305B12-AE87-4F58-98C9-FCC5CB699D02}.Release|x64.ActiveCfg = Release|x64
		{76305B12-AE87-4F58-98C9-FCC5CB699D02}.Release|x64.Build.0 = Release|x64
		{76305B12-AE87-4F58-98C9-FCC5CB699D02}.Release|x64.Deploy.0 = Release|x64
		{76305B12-AE87-4F58-98C9-FCC5CB699D02}.Release|x86.ActiveCfg = Release|x86
		{76305B12-AE87-4F58-98C9-FCC5CB699D02}.Release|x86.Build.0 = Release|x86
		{76305B12-AE87-4F58-98C9-FCC5CB699D02}.Release|x86.Deploy.0 = Release|x86
		{31B07FAD-551D-4C84-AFB2-89C72DC72986}.Ad-Hoc|Any CPU.ActiveCfg = Debug|Any CPU
		{31B07FAD-551D-4C84-AFB2-89C72DC72986}.Ad-Hoc|Any CPU.Build.0 = Debug|Any CPU
		{31B07FAD-551D-4C84-AFB2-89C72DC72986}.Ad-Hoc|Any CPU.Deploy.0 = Debug|Any CPU
		{31B07FAD-551D-4C84-AFB2-89C72DC72986}.Ad-Hoc|ARM.ActiveCfg = Debug|Any CPU
		{31B07FAD-551D-4C84-AFB2-89C72DC72986}.Ad-Hoc|ARM.Build.0 = Debug|Any CPU
		{31B07FAD-551D-4C84-AFB2-89C72DC72986}.Ad-Hoc|ARM.Deploy.0 = Debug|Any CPU
		{31B07FAD-551D-4C84-AFB2-89C72DC72986}.Ad-Hoc|iPhone.ActiveCfg = Debug|Any CPU
		{31B07FAD-551D-4C84-AFB2-89C72DC72986}.Ad-Hoc|iPhone.Build.0 = Debug|Any CPU
		{31B07FAD-551D-4C84-AFB2-89C72DC72986}.Ad-Hoc|iPhone.Deploy.0 = Debug|Any CPU
		{31B07FAD-551D-4C84-AFB2-89C72DC72986}.Ad-Hoc|iPhoneSimulator.ActiveCfg = Debug|Any CPU
		{31B07FAD-551D-4C84-AFB2-89C72DC72986}.Ad-Hoc|iPhoneSimulator.Build.0 = Debug|Any CPU
		{31B07FAD-551D-4C84-AFB2-89C72DC72986}.Ad-Hoc|iPhoneSimulator.Deploy.0 = Debug|Any CPU
		{31B07FAD-551D-4C84-AFB2-89C72DC72986}.Ad-Hoc|x64.ActiveCfg = Debug|Any CPU
		{31B07FAD-551D-4C84-AFB2-89C72DC72986}.Ad-Hoc|x64.Build.0 = Debug|Any CPU
		{31B07FAD-551D-4C84-AFB2-89C72DC72986}.Ad-Hoc|x64.Deploy.0 = Debug|Any CPU
		{31B07FAD-551D-4C84-AFB2-89C72DC72986}.Ad-Hoc|x86.ActiveCfg = Debug|Any CPU
		{31B07FAD-551D-4C84-AFB2-89C72DC72986}.Ad-Hoc|x86.Build.0 = Debug|Any CPU
		{31B07FAD-551D-4C84-AFB2-89C72DC72986}.Ad-Hoc|x86.Deploy.0 = Debug|Any CPU
		{31B07FAD-551D-4C84-AFB2-89C72DC72986}.AppStore|Any CPU.ActiveCfg = Debug|Any CPU
		{31B07FAD-551D-4C84-AFB2-89C72DC72986}.AppStore|Any CPU.Build.0 = Debug|Any CPU
		{31B07FAD-551D-4C84-AFB2-89C72DC72986}.AppStore|Any CPU.Deploy.0 = Debug|Any CPU
		{31B07FAD-551D-4C84-AFB2-89C72DC72986}.AppStore|ARM.ActiveCfg = Debug|Any CPU
		{31B07FAD-551D-4C84-AFB2-89C72DC72986}.AppStore|ARM.Build.0 = Debug|Any CPU
		{31B07FAD-551D-4C84-AFB2-89C72DC72986}.AppStore|ARM.Deploy.0 = Debug|Any CPU
		{31B07FAD-551D-4C84-AFB2-89C72DC72986}.AppStore|iPhone.ActiveCfg = Debug|Any CPU
		{31B07FAD-551D-4C84-AFB2-89C72DC72986}.AppStore|iPhone.Build.0 = Debug|Any CPU
		{31B07FAD-551D-4C84-AFB2-89C72DC72986}.AppStore|iPhone.Deploy.0 = Debug|Any CPU
		{31B07FAD-551D-4C84-AFB2-89C72DC72986}.AppStore|iPhoneSimulator.ActiveCfg = Debug|Any CPU
		{31B07FAD-551D-4C84-AFB2-89C72DC72986}.AppStore|iPhoneSimulator.Build.0 = Debug|Any CPU
		{31B07FAD-551D-4C84-AFB2-89C72DC72986}.AppStore|iPhoneSimulator.Deploy.0 = Debug|Any CPU
		{31B07FAD-551D-4C84-AFB2-89C72DC72986}.AppStore|x64.ActiveCfg = Debug|Any CPU
		{31B07FAD-551D-4C84-AFB2-89C72DC72986}.AppStore|x64.Build.0 = Debug|Any CPU
		{31B07FAD-551D-4C84-AFB2-89C72DC72986}.AppStore|x64.Deploy.0 = Debug|Any CPU
		{31B07FAD-551D-4C84-AFB2-89C72DC72986}.AppStore|x86.ActiveCfg = Debug|Any CPU
		{31B07FAD-551D-4C84-AFB2-89C72DC72986}.AppStore|x86.Build.0 = Debug|Any CPU
		{31B07FAD-551D-4C84-AFB2-89C72DC72986}.AppStore|x86.Deploy.0 = Debug|Any CPU
		{31B07FAD-551D-4C84-AFB2-89C72DC72986}.Debug|Any CPU.ActiveCfg = Debug|Any CPU
		{31B07FAD-551D-4C84-AFB2-89C72DC72986}.Debug|Any CPU.Build.0 = Debug|Any CPU
		{31B07FAD-551D-4C84-AFB2-89C72DC72986}.Debug|Any CPU.Deploy.0 = Debug|Any CPU
		{31B07FAD-551D-4C84-AFB2-89C72DC72986}.Debug|ARM.ActiveCfg = Debug|Any CPU
		{31B07FAD-551D-4C84-AFB2-89C72DC72986}.Debug|ARM.Build.0 = Debug|Any CPU
		{31B07FAD-551D-4C84-AFB2-89C72DC72986}.Debug|ARM.Deploy.0 = Debug|Any CPU
		{31B07FAD-551D-4C84-AFB2-89C72DC72986}.Debug|iPhone.ActiveCfg = Debug|Any CPU
		{31B07FAD-551D-4C84-AFB2-89C72DC72986}.Debug|iPhone.Build.0 = Debug|Any CPU
		{31B07FAD-551D-4C84-AFB2-89C72DC72986}.Debug|iPhone.Deploy.0 = Debug|Any CPU
		{31B07FAD-551D-4C84-AFB2-89C72DC72986}.Debug|iPhoneSimulator.ActiveCfg = Debug|Any CPU
		{31B07FAD-551D-4C84-AFB2-89C72DC72986}.Debug|iPhoneSimulator.Build.0 = Debug|Any CPU
		{31B07FAD-551D-4C84-AFB2-89C72DC72986}.Debug|iPhoneSimulator.Deploy.0 = Debug|Any CPU
		{31B07FAD-551D-4C84-AFB2-89C72DC72986}.Debug|x64.ActiveCfg = Debug|Any CPU
		{31B07FAD-551D-4C84-AFB2-89C72DC72986}.Debug|x64.Build.0 = Debug|Any CPU
		{31B07FAD-551D-4C84-AFB2-89C72DC72986}.Debug|x64.Deploy.0 = Debug|Any CPU
		{31B07FAD-551D-4C84-AFB2-89C72DC72986}.Debug|x86.ActiveCfg = Debug|Any CPU
		{31B07FAD-551D-4C84-AFB2-89C72DC72986}.Debug|x86.Build.0 = Debug|Any CPU
		{31B07FAD-551D-4C84-AFB2-89C72DC72986}.Debug|x86.Deploy.0 = Debug|Any CPU
		{31B07FAD-551D-4C84-AFB2-89C72DC72986}.Release|Any CPU.ActiveCfg = Release|Any CPU
		{31B07FAD-551D-4C84-AFB2-89C72DC72986}.Release|Any CPU.Build.0 = Release|Any CPU
		{31B07FAD-551D-4C84-AFB2-89C72DC72986}.Release|Any CPU.Deploy.0 = Release|Any CPU
		{31B07FAD-551D-4C84-AFB2-89C72DC72986}.Release|ARM.ActiveCfg = Release|Any CPU
		{31B07FAD-551D-4C84-AFB2-89C72DC72986}.Release|ARM.Build.0 = Release|Any CPU
		{31B07FAD-551D-4C84-AFB2-89C72DC72986}.Release|ARM.Deploy.0 = Release|Any CPU
		{31B07FAD-551D-4C84-AFB2-89C72DC72986}.Release|iPhone.ActiveCfg = Release|Any CPU
		{31B07FAD-551D-4C84-AFB2-89C72DC72986}.Release|iPhone.Build.0 = Release|Any CPU
		{31B07FAD-551D-4C84-AFB2-89C72DC72986}.Release|iPhone.Deploy.0 = Release|Any CPU
		{31B07FAD-551D-4C84-AFB2-89C72DC72986}.Release|iPhoneSimulator.ActiveCfg = Release|Any CPU
		{31B07FAD-551D-4C84-AFB2-89C72DC72986}.Release|iPhoneSimulator.Build.0 = Release|Any CPU
		{31B07FAD-551D-4C84-AFB2-89C72DC72986}.Release|iPhoneSimulator.Deploy.0 = Release|Any CPU
		{31B07FAD-551D-4C84-AFB2-89C72DC72986}.Release|x64.ActiveCfg = Release|Any CPU
		{31B07FAD-551D-4C84-AFB2-89C72DC72986}.Release|x64.Build.0 = Release|Any CPU
		{31B07FAD-551D-4C84-AFB2-89C72DC72986}.Release|x64.Deploy.0 = Release|Any CPU
		{31B07FAD-551D-4C84-AFB2-89C72DC72986}.Release|x86.ActiveCfg = Release|Any CPU
		{31B07FAD-551D-4C84-AFB2-89C72DC72986}.Release|x86.Build.0 = Release|Any CPU
		{31B07FAD-551D-4C84-AFB2-89C72DC72986}.Release|x86.Deploy.0 = Release|Any CPU
	EndGlobalSection
	GlobalSection(SolutionProperties) = preSolution
		HideSolutionNode = FALSE
	EndGlobalSection
	GlobalSection(ExtensibilityGlobals) = postSolution
		SolutionGuid = {452CA710-5C12-4C35-8BD4-3078947F98F1}
	EndGlobalSection
EndGlobal
